
Microsoft Visual Studio Solution File, Format Version 12.00
# Visual Studio Version 16
VisualStudioVersion = 16.0.29509.3
MinimumVisualStudioVersion = 10.0.40219.1
Project("{9092AA53-FB77-4645-B42D-1CCCA6BD08BD}") = "RepleniumTest", "RepleniumTest.njsproj", "{F89BF09D-3A8E-40C7-8437-9A8C83F0A413}"
EndProject
Global
	GlobalSection(SolutionConfigurationPlatforms) = preSolution
		Debug|Any CPU = Debug|Any CPU
		Release|Any CPU = Release|Any CPU
	EndGlobalSection
	GlobalSection(ProjectConfigurationPlatforms) = postSolution
		{F89BF09D-3A8E-40C7-8437-9A8C83F0A413}.Debug|Any CPU.ActiveCfg = Debug|Any CPU
		{F89BF09D-3A8E-40C7-8437-9A8C83F0A413}.Debug|Any CPU.Build.0 = Debug|Any CPU
		{F89BF09D-3A8E-40C7-8437-9A8C83F0A413}.Release|Any CPU.ActiveCfg = Release|Any CPU
		{F89BF09D-3A8E-40C7-8437-9A8C83F0A413}.Release|Any CPU.Build.0 = Release|Any CPU
	EndGlobalSection
	GlobalSection(SolutionProperties) = preSolution
		HideSolutionNode = FALSE
	EndGlobalSection
	GlobalSection(ExtensibilityGlobals) = postSolution
		SolutionGuid = {7913527C-F352-4082-B297-9CF6DB59827B}
	EndGlobalSection
EndGlobal
